
Microsoft Visual Studio Solution File, Format Version 12.00
# Visual Studio Version 17
VisualStudioVersion = 17.10.35013.160
MinimumVisualStudioVersion = 10.0.40219.1
Project("{FAE04EC0-301F-11D3-BF4B-00C04F79EFBC}") = "ProductManagement.API", "ProductManagement.API\ProductManagement.API.csproj", "{3D2B1122-EC88-4AF6-B5B4-A1DE523D25E7}"
EndProject
Global
	GlobalSection(SolutionConfigurationPlatforms) = preSolution
		Debug|Any CPU = Debug|Any CPU
		Release|Any CPU = Release|Any CPU
	EndGlobalSection
	GlobalSection(ProjectConfigurationPlatforms) = postSolution
		{3D2B1122-EC88-4AF6-B5B4-A1DE523D25E7}.Debug|Any CPU.ActiveCfg = Debug|Any CPU
		{3D2B1122-EC88-4AF6-B5B4-A1DE523D25E7}.Debug|Any CPU.Build.0 = Debug|Any CPU
		{3D2B1122-EC88-4AF6-B5B4-A1DE523D25E7}.Release|Any CPU.ActiveCfg = Release|Any CPU
		{3D2B1122-EC88-4AF6-B5B4-A1DE523D25E7}.Release|Any CPU.Build.0 = Release|Any CPU
	EndGlobalSection
	GlobalSection(SolutionProperties) = preSolution
		HideSolutionNode = FALSE
	EndGlobalSection
	GlobalSection(ExtensibilityGlobals) = postSolution
		SolutionGuid = {25F3C92A-9826-485A-86D3-C3380ABFC4B4}
	EndGlobalSection
EndGlobal
